// !$*UTF8*$!
{
	archiveVersion = 1;
	classes = {
	};
	objectVersion = 50;
	objects = {

/* Begin PBXBuildFile section */
		5905CBAD232DDBB800251BA4 /* AppDelegate.swift in Sources */ = {isa = PBXBuildFile; fileRef = 5905CBAC232DDBB800251BA4 /* AppDelegate.swift */; };
		5905CBAF232DDBB800251BA4 /* ViewController.swift in Sources */ = {isa = PBXBuildFile; fileRef = 5905CBAE232DDBB800251BA4 /* ViewController.swift */; };
		5905CBB2232DDBB800251BA4 /* Main.storyboard in Resources */ = {isa = PBXBuildFile; fileRef = 5905CBB0232DDBB800251BA4 /* Main.storyboard */; };
		5905CBB4232DDBB900251BA4 /* Assets.xcassets in Resources */ = {isa = PBXBuildFile; fileRef = 5905CBB3232DDBB900251BA4 /* Assets.xcassets */; };
		5905CBB7232DDBB900251BA4 /* LaunchScreen.storyboard in Resources */ = {isa = PBXBuildFile; fileRef = 5905CBB5232DDBB900251BA4 /* LaunchScreen.storyboard */; };
		5905CBC2232DDBB900251BA4 /* TechPodTests.swift in Sources */ = {isa = PBXBuildFile; fileRef = 5905CBC1232DDBB900251BA4 /* TechPodTests.swift */; };
		5905CBCD232DDBB900251BA4 /* TechPodUITests.swift in Sources */ = {isa = PBXBuildFile; fileRef = 5905CBCC232DDBB900251BA4 /* TechPodUITests.swift */; };
/* End PBXBuildFile section */

/* Begin PBXContainerItemProxy section */
		5905CBBE232DDBB900251BA4 /* PBXContainerItemProxy */ = {
			isa = PBXContainerItemProxy;
			containerPortal = 5905CBA1232DDBB800251BA4 /* Project object */;
			proxyType = 1;
			remoteGlobalIDString = 5905CBA8232DDBB800251BA4;
			remoteInfo = TechPod;
		};
		5905CBC9232DDBB900251BA4 /* PBXContainerItemProxy */ = {
			isa = PBXContainerItemProxy;
			containerPortal = 5905CBA1232DDBB800251BA4 /* Project object */;
			proxyType = 1;
			remoteGlobalIDString = 5905CBA8232DDBB800251BA4;
			remoteInfo = TechPod;
		};
/* End PBXContainerItemProxy section */

/* Begin PBXFileReference section */
		5905CBA9232DDBB800251BA4 /* TechPod.app */ = {isa = PBXFileReference; explicitFileType = wrapper.application; includeInIndex = 0; path = TechPod.app; sourceTree = BUILT_PRODUCTS_DIR; };
		5905CBAC232DDBB800251BA4 /* AppDelegate.swift */ = {isa = PBXFileReference; lastKnownFileType = sourcecode.swift; path = AppDelegate.swift; sourceTree = "<group>"; };
		5905CBAE232DDBB800251BA4 /* ViewController.swift */ = {isa = PBXFileReference; lastKnownFileType = sourcecode.swift; path = ViewController.swift; sourceTree = "<group>"; };
		5905CBB1232DDBB800251BA4 /* Base */ = {isa = PBXFileReference; lastKnownFileType = file.storyboard; name = Base; path = Base.lproj/Main.storyboard; sourceTree = "<group>"; };
		5905CBB3232DDBB900251BA4 /* Assets.xcassets */ = {isa = PBXFileReference; lastKnownFileType = folder.assetcatalog; path = Assets.xcassets; sourceTree = "<group>"; };
		5905CBB6232DDBB900251BA4 /* Base */ = {isa = PBXFileReference; lastKnownFileType = file.storyboard; name = Base; path = Base.lproj/LaunchScreen.storyboard; sourceTree = "<group>"; };
		5905CBB8232DDBB900251BA4 /* Info.plist */ = {isa = PBXFileReference; lastKnownFileType = text.plist.xml; path = Info.plist; sourceTree = "<group>"; };
		5905CBBD232DDBB900251BA4 /* TechPodTests.xctest */ = {isa = PBXFileReference; explicitFileType = wrapper.cfbundle; includeInIndex = 0; path = TechPodTests.xctest; sourceTree = BUILT_PRODUCTS_DIR; };
		5905CBC1232DDBB900251BA4 /* TechPodTests.swift */ = {isa = PBXFileReference; lastKnownFileType = sourcecode.swift; path = TechPodTests.swift; sourceTree = "<group>"; };
		5905CBC3232DDBB900251BA4 /* Info.plist */ = {isa = PBXFileReference; lastKnownFileType = text.plist.xml; path = Info.plist; sourceTree = "<group>"; };
		5905CBC8232DDBB900251BA4 /* TechPodUITests.xctest */ = {isa = PBXFileReference; explicitFileType = wrapper.cfbundle; includeInIndex = 0; path = TechPodUITests.xctest; sourceTree = BUILT_PRODUCTS_DIR; };
		5905CBCC232DDBB900251BA4 /* TechPodUITests.swift */ = {isa = PBXFileReference; lastKnownFileType = sourcecode.swift; path = TechPodUITests.swift; sourceTree = "<group>"; };
		5905CBCE232DDBB900251BA4 /* Info.plist */ = {isa = PBXFileReference; lastKnownFileType = text.plist.xml; path = Info.plist; sourceTree = "<group>"; };
/* End PBXFileReference section */

/* Begin PBXFrameworksBuildPhase section */
		5905CBA6232DDBB800251BA4 /* Frameworks */ = {
			isa = PBXFrameworksBuildPhase;
			buildActionMask = 2147483647;
			files = (
			);
			runOnlyForDeploymentPostprocessing = 0;
		};
		5905CBBA232DDBB900251BA4 /* Frameworks */ = {
			isa = PBXFrameworksBuildPhase;
			buildActionMask = 2147483647;
			files = (
			);
			runOnlyForDeploymentPostprocessing = 0;
		};
		5905CBC5232DDBB900251BA4 /* Frameworks */ = {
			isa = PBXFrameworksBuildPhase;
			buildActionMask = 2147483647;
			files = (
			);
			runOnlyForDeploymentPostprocessing = 0;
		};
/* End PBXFrameworksBuildPhase section */

/* Begin PBXGroup section */
		5905CBA0232DDBB800251BA4 = {
			isa = PBXGroup;
			children = (
				5905CBAB232DDBB800251BA4 /* TechPod */,
				5905CBC0232DDBB900251BA4 /* TechPodTests */,
				5905CBCB232DDBB900251BA4 /* TechPodUITests */,
				5905CBAA232DDBB800251BA4 /* Products */,
			);
			sourceTree = "<group>";
		};
		5905CBAA232DDBB800251BA4 /* Products */ = {
			isa = PBXGroup;
			children = (
				5905CBA9232DDBB800251BA4 /* TechPod.app */,
				5905CBBD232DDBB900251BA4 /* TechPodTests.xctest */,
				5905CBC8232DDBB900251BA4 /* TechPodUITests.xctest */,
			);
			name = Products;
			sourceTree = "<group>";
		};
		5905CBAB232DDBB800251BA4 /* TechPod */ = {
			isa = PBXGroup;
			children = (
				5905CBAC232DDBB800251BA4 /* AppDelegate.swift */,
				5905CBAE232DDBB800251BA4 /* ViewController.swift */,
				5905CBB0232DDBB800251BA4 /* Main.storyboard */,
				5905CBB3232DDBB900251BA4 /* Assets.xcassets */,
				5905CBB5232DDBB900251BA4 /* LaunchScreen.storyboard */,
				5905CBB8232DDBB900251BA4 /* Info.plist */,
			);
			path = TechPod;
			sourceTree = "<group>";
		};
		5905CBC0232DDBB900251BA4 /* TechPodTests */ = {
			isa = PBXGroup;
			children = (
				5905CBC1232DDBB900251BA4 /* TechPodTests.swift */,
				5905CBC3232DDBB900251BA4 /* Info.plist */,
			);
			path = TechPodTests;
			sourceTree = "<group>";
		};
		5905CBCB232DDBB900251BA4 /* TechPodUITests */ = {
			isa = PBXGroup;
			children = (
				5905CBCC232DDBB900251BA4 /* TechPodUITests.swift */,
				5905CBCE232DDBB900251BA4 /* Info.plist */,
			);
			path = TechPodUITests;
			sourceTree = "<group>";
		};
/* End PBXGroup section */

/* Begin PBXNativeTarget section */
		5905CBA8232DDBB800251BA4 /* TechPod */ = {
			isa = PBXNativeTarget;
			buildConfigurationList = 5905CBD1232DDBB900251BA4 /* Build configuration list for PBXNativeTarget "TechPod" */;
			buildPhases = (
				5905CBA5232DDBB800251BA4 /* Sources */,
				5905CBA6232DDBB800251BA4 /* Frameworks */,
				5905CBA7232DDBB800251BA4 /* Resources */,
			);
			buildRules = (
			);
			dependencies = (
			);
			name = TechPod;
			productName = TechPod;
			productReference = 5905CBA9232DDBB800251BA4 /* TechPod.app */;
			productType = "com.apple.product-type.application";
		};
		5905CBBC232DDBB900251BA4 /* TechPodTests */ = {
			isa = PBXNativeTarget;
			buildConfigurationList = 5905CBD4232DDBB900251BA4 /* Build configuration list for PBXNativeTarget "TechPodTests" */;
			buildPhases = (
				5905CBB9232DDBB900251BA4 /* Sources */,
				5905CBBA232DDBB900251BA4 /* Frameworks */,
				5905CBBB232DDBB900251BA4 /* Resources */,
			);
			buildRules = (
			);
			dependencies = (
				5905CBBF232DDBB900251BA4 /* PBXTargetDependency */,
			);
			name = TechPodTests;
			productName = TechPodTests;
			productReference = 5905CBBD232DDBB900251BA4 /* TechPodTests.xctest */;
			productType = "com.apple.product-type.bundle.unit-test";
		};
		5905CBC7232DDBB900251BA4 /* TechPodUITests */ = {
			isa = PBXNativeTarget;
			buildConfigurationList = 5905CBD7232DDBB900251BA4 /* Build configuration list for PBXNativeTarget "TechPodUITests" */;
			buildPhases = (
				5905CBC4232DDBB900251BA4 /* Sources */,
				5905CBC5232DDBB900251BA4 /* Frameworks */,
				5905CBC6232DDBB900251BA4 /* Resources */,
			);
			buildRules = (
			);
			dependencies = (
				5905CBCA232DDBB900251BA4 /* PBXTargetDependency */,
			);
			name = TechPodUITests;
			productName = TechPodUITests;
			productReference = 5905CBC8232DDBB900251BA4 /* TechPodUITests.xctest */;
			productType = "com.apple.product-type.bundle.ui-testing";
		};
/* End PBXNativeTarget section */

/* Begin PBXProject section */
		5905CBA1232DDBB800251BA4 /* Project object */ = {
			isa = PBXProject;
			attributes = {
				LastSwiftUpdateCheck = 1030;
				LastUpgradeCheck = 1030;
				ORGANIZATIONNAME = "笠原未来";
				TargetAttributes = {
					5905CBA8232DDBB800251BA4 = {
						CreatedOnToolsVersion = 10.3;
					};
					5905CBBC232DDBB900251BA4 = {
						CreatedOnToolsVersion = 10.3;
						TestTargetID = 5905CBA8232DDBB800251BA4;
					};
					5905CBC7232DDBB900251BA4 = {
						CreatedOnToolsVersion = 10.3;
						TestTargetID = 5905CBA8232DDBB800251BA4;
					};
				};
			};
			buildConfigurationList = 5905CBA4232DDBB800251BA4 /* Build configuration list for PBXProject "TechPod" */;
			compatibilityVersion = "Xcode 9.3";
			developmentRegion = en;
			hasScannedForEncodings = 0;
			knownRegions = (
				en,
				Base,
			);
			mainGroup = 5905CBA0232DDBB800251BA4;
			productRefGroup = 5905CBAA232DDBB800251BA4 /* Products */;
			projectDirPath = "";
			projectRoot = "";
			targets = (
				5905CBA8232DDBB800251BA4 /* TechPod */,
				5905CBBC232DDBB900251BA4 /* TechPodTests */,
				5905CBC7232DDBB900251BA4 /* TechPodUITests */,
			);
		};
/* End PBXProject section */

/* Begin PBXResourcesBuildPhase section */
		5905CBA7232DDBB800251BA4 /* Resources */ = {
			isa = PBXResourcesBuildPhase;
			buildActionMask = 2147483647;
			files = (
				5905CBB7232DDBB900251BA4 /* LaunchScreen.storyboard in Resources */,
				5905CBB4232DDBB900251BA4 /* Assets.xcassets in Resources */,
				5905CBB2232DDBB800251BA4 /* Main.storyboard in Resources */,
			);
			runOnlyForDeploymentPostprocessing = 0;
		};
		5905CBBB232DDBB900251BA4 /* Resources */ = {
			isa = PBXResourcesBuildPhase;
			buildActionMask = 2147483647;
			files = (
			);
			runOnlyForDeploymentPostprocessing = 0;
		};
		5905CBC6232DDBB900251BA4 /* Resources */ = {
			isa = PBXResourcesBuildPhase;
			buildActionMask = 2147483647;
			files = (
			);
			runOnlyForDeploymentPostprocessing = 0;
		};
/* End PBXResourcesBuildPhase section */

/* Begin PBXSourcesBuildPhase section */
		5905CBA5232DDBB800251BA4 /* Sources */ = {
			isa = PBXSourcesBuildPhase;
			buildActionMask = 2147483647;
			files = (
				5905CBAF232DDBB800251BA4 /* ViewController.swift in Sources */,
				5905CBAD232DDBB800251BA4 /* AppDelegate.swift in Sources */,
			);
			runOnlyForDeploymentPostprocessing = 0;
		};
		5905CBB9232DDBB900251BA4 /* Sources */ = {
			isa = PBXSourcesBuildPhase;
			buildActionMask = 2147483647;
			files = (
				5905CBC2232DDBB900251BA4 /* TechPodTests.swift in Sources */,
			);
			runOnlyForDeploymentPostprocessing = 0;
		};
		5905CBC4232DDBB900251BA4 /* Sources */ = {
			isa = PBXSourcesBuildPhase;
			buildActionMask = 2147483647;
			files = (
				5905CBCD232DDBB900251BA4 /* TechPodUITests.swift in Sources */,
			);
			runOnlyForDeploymentPostprocessing = 0;
		};
/* End PBXSourcesBuildPhase section */

/* Begin PBXTargetDependency section */
		5905CBBF232DDBB900251BA4 /* PBXTargetDependency */ = {
			isa = PBXTargetDependency;
			target = 5905CBA8232DDBB800251BA4 /* TechPod */;
			targetProxy = 5905CBBE232DDBB900251BA4 /* PBXContainerItemProxy */;
		};
		5905CBCA232DDBB900251BA4 /* PBXTargetDependency */ = {
			isa = PBXTargetDependency;
			target = 5905CBA8232DDBB800251BA4 /* TechPod */;
			targetProxy = 5905CBC9232DDBB900251BA4 /* PBXContainerItemProxy */;
		};
/* End PBXTargetDependency section */

/* Begin PBXVariantGroup section */
		5905CBB0232DDBB800251BA4 /* Main.storyboard */ = {
			isa = PBXVariantGroup;
			children = (
				5905CBB1232DDBB800251BA4 /* Base */,
			);
			name = Main.storyboard;
			sourceTree = "<group>";
		};
		5905CBB5232DDBB900251BA4 /* LaunchScreen.storyboard */ = {
			isa = PBXVariantGroup;
			children = (
				5905CBB6232DDBB900251BA4 /* Base */,
			);
			name = LaunchScreen.storyboard;
			sourceTree = "<group>";
		};
/* End PBXVariantGroup section */

/* Begin XCBuildConfiguration section */
		5905CBCF232DDBB900251BA4 /* Debug */ = {
			isa = XCBuildConfiguration;
			buildSettings = {
				ALWAYS_SEARCH_USER_PATHS = NO;
				CLANG_ANALYZER_NONNULL = YES;
				CLANG_ANALYZER_NUMBER_OBJECT_CONVERSION = YES_AGGRESSIVE;
				CLANG_CXX_LANGUAGE_STANDARD = "gnu++14";
				CLANG_CXX_LIBRARY = "libc++";
				CLANG_ENABLE_MODULES = YES;
				CLANG_ENABLE_OBJC_ARC = YES;
				CLANG_ENABLE_OBJC_WEAK = YES;
				CLANG_WARN_BLOCK_CAPTURE_AUTORELEASING = YES;
				CLANG_WARN_BOOL_CONVERSION = YES;
				CLANG_WARN_COMMA = YES;
				CLANG_WARN_CONSTANT_CONVERSION = YES;
				CLANG_WARN_DEPRECATED_OBJC_IMPLEMENTATIONS = YES;
				CLANG_WARN_DIRECT_OBJC_ISA_USAGE = YES_ERROR;
				CLANG_WARN_DOCUMENTATION_COMMENTS = YES;
				CLANG_WARN_EMPTY_BODY = YES;
				CLANG_WARN_ENUM_CONVERSION = YES;
				CLANG_WARN_INFINITE_RECURSION = YES;
				CLANG_WARN_INT_CONVERSION = YES;
				CLANG_WARN_NON_LITERAL_NULL_CONVERSION = YES;
				CLANG_WARN_OBJC_IMPLICIT_RETAIN_SELF = YES;
				CLANG_WARN_OBJC_LITERAL_CONVERSION = YES;
				CLANG_WARN_OBJC_ROOT_CLASS = YES_ERROR;
				CLANG_WARN_RANGE_LOOP_ANALYSIS = YES;
				CLANG_WARN_STRICT_PROTOTYPES = YES;
				CLANG_WARN_SUSPICIOUS_MOVE = YES;
				CLANG_WARN_UNGUARDED_AVAILABILITY = YES_AGGRESSIVE;
				CLANG_WARN_UNREACHABLE_CODE = YES;
				CLANG_WARN__DUPLICATE_METHOD_MATCH = YES;
				CODE_SIGN_IDENTITY = "iPhone Developer";
				COPY_PHASE_STRIP = NO;
				DEBUG_INFORMATION_FORMAT = dwarf;
				ENABLE_STRICT_OBJC_MSGSEND = YES;
				ENABLE_TESTABILITY = YES;
				GCC_C_LANGUAGE_STANDARD = gnu11;
				GCC_DYNAMIC_NO_PIC = NO;
				GCC_NO_COMMON_BLOCKS = YES;
				GCC_OPTIMIZATION_LEVEL = 0;
				GCC_PREPROCESSOR_DEFINITIONS = (
					"DEBUG=1",
					"$(inherited)",
				);
				GCC_WARN_64_TO_32_BIT_CONVERSION = YES;
				GCC_WARN_ABOUT_RETURN_TYPE = YES_ERROR;
				GCC_WARN_UNDECLARED_SELECTOR = YES;
				GCC_WARN_UNINITIALIZED_AUTOS = YES_AGGRESSIVE;
				GCC_WARN_UNUSED_FUNCTION = YES;
				GCC_WARN_UNUSED_VARIABLE = YES;
				IPHONEOS_DEPLOYMENT_TARGET = 12.4;
				MTL_ENABLE_DEBUG_INFO = INCLUDE_SOURCE;
				MTL_FAST_MATH = YES;
				ONLY_ACTIVE_ARCH = YES;
				SDKROOT = iphoneos;
				SWIFT_ACTIVE_COMPILATION_CONDITIONS = DEBUG;
				SWIFT_OPTIMIZATION_LEVEL = "-Onone";
			};
			name = Debug;
		};
		5905CBD0232DDBB900251BA4 /* Release */ = {
			isa = XCBuildConfiguration;
			buildSettings = {
				ALWAYS_SEARCH_USER_PATHS = NO;
				CLANG_ANALYZER_NONNULL = YES;
				CLANG_ANALYZER_NUMBER_OBJECT_CONVERSION = YES_AGGRESSIVE;
				CLANG_CXX_LANGUAGE_STANDARD = "gnu++14";
				CLANG_CXX_LIBRARY = "libc++";
				CLANG_ENABLE_MODULES = YES;
				CLANG_ENABLE_OBJC_ARC = YES;
				CLANG_ENABLE_OBJC_WEAK = YES;
				CLANG_WARN_BLOCK_CAPTURE_AUTORELEASING = YES;
				CLANG_WARN_BOOL_CONVERSION = YES;
				CLANG_WARN_COMMA = YES;
				CLANG_WARN_CONSTANT_CONVERSION = YES;
				CLANG_WARN_DEPRECATED_OBJC_IMPLEMENTATIONS = YES;
				CLANG_WARN_DIRECT_OBJC_ISA_USAGE = YES_ERROR;
				CLANG_WARN_DOCUMENTATION_COMMENTS = YES;
				CLANG_WARN_EMPTY_BODY = YES;
				CLANG_WARN_ENUM_CONVERSION = YES;
				CLANG_WARN_INFINITE_RECURSION = YES;
				CLANG_WARN_INT_CONVERSION = YES;
				CLANG_WARN_NON_LITERAL_NULL_CONVERSION = YES;
				CLANG_WARN_OBJC_IMPLICIT_RETAIN_SELF = YES;
				CLANG_WARN_OBJC_LITERAL_CONVERSION = YES;
				CLANG_WARN_OBJC_ROOT_CLASS = YES_ERROR;
				CLANG_WARN_RANGE_LOOP_ANALYSIS = YES;
				CLANG_WARN_STRICT_PROTOTYPES = YES;
				CLANG_WARN_SUSPICIOUS_MOVE = YES;
				CLANG_WARN_UNGUARDED_AVAILABILITY = YES_AGGRESSIVE;
				CLANG_WARN_UNREACHABLE_CODE = YES;
				CLANG_WARN__DUPLICATE_METHOD_MATCH = YES;
				CODE_SIGN_IDENTITY = "iPhone Developer";
				COPY_PHASE_STRIP = NO;
				DEBUG_INFORMATION_FORMAT = "dwarf-with-dsym";
				ENABLE_NS_ASSERTIONS = NO;
				ENABLE_STRICT_OBJC_MSGSEND = YES;
				GCC_C_LANGUAGE_STANDARD = gnu11;
				GCC_NO_COMMON_BLOCKS = YES;
				GCC_WARN_64_TO_32_BIT_CONVERSION = YES;
				GCC_WARN_ABOUT_RETURN_TYPE = YES_ERROR;
				GCC_WARN_UNDECLARED_SELECTOR = YES;
				GCC_WARN_UNINITIALIZED_AUTOS = YES_AGGRESSIVE;
				GCC_WARN_UNUSED_FUNCTION = YES;
				GCC_WARN_UNUSED_VARIABLE = YES;
				IPHONEOS_DEPLOYMENT_TARGET = 12.4;
				MTL_ENABLE_DEBUG_INFO = NO;
				MTL_FAST_MATH = YES;
				SDKROOT = iphoneos;
				SWIFT_COMPILATION_MODE = wholemodule;
				SWIFT_OPTIMIZATION_LEVEL = "-O";
				VALIDATE_PRODUCT = YES;
			};
			name = Release;
		};
		5905CBD2232DDBB900251BA4 /* Debug */ = {
			isa = XCBuildConfiguration;
			buildSettings = {
				ASSETCATALOG_COMPILER_APPICON_NAME = AppIcon;
				CODE_SIGN_STYLE = Automatic;
				DEVELOPMENT_TEAM = FQ44R4777H;
				INFOPLIST_FILE = TechPod/Info.plist;
				LD_RUNPATH_SEARCH_PATHS = (
					"$(inherited)",
					"@executable_path/Frameworks",
				);
				PRODUCT_BUNDLE_IDENTIFIER = com.mikukasahara.TechPod;
				PRODUCT_NAME = "$(TARGET_NAME)";
				SWIFT_VERSION = 5.0;
				TARGETED_DEVICE_FAMILY = "1,2";
			};
			name = Debug;
		};
		5905CBD3232DDBB900251BA4 /* Release */ = {
			isa = XCBuildConfiguration;
			buildSettings = {
				ASSETCATALOG_COMPILER_APPICON_NAME = AppIcon;
				CODE_SIGN_STYLE = Automatic;
				DEVELOPMENT_TEAM = FQ44R4777H;
				INFOPLIST_FILE = TechPod/Info.plist;
				LD_RUNPATH_SEARCH_PATHS = (
					"$(inherited)",
					"@executable_path/Frameworks",
				);
				PRODUCT_BUNDLE_IDENTIFIER = com.mikukasahara.TechPod;
				PRODUCT_NAME = "$(TARGET_NAME)";
				SWIFT_VERSION = 5.0;
				TARGETED_DEVICE_FAMILY = "1,2";
			};
			name = Release;
		};
		5905CBD5232DDBB900251BA4 /* Debug */ = {
			isa = XCBuildConfiguration;
			buildSettings = {
				ALWAYS_EMBED_SWIFT_STANDARD_LIBRARIES = YES;
				BUNDLE_LOADER = "$(TEST_HOST)";
				CODE_SIGN_STYLE = Automatic;
				DEVELOPMENT_TEAM = FQ44R4777H;
				INFOPLIST_FILE = TechPodTests/Info.plist;
				LD_RUNPATH_SEARCH_PATHS = (
					"$(inherited)",
					"@executable_path/Frameworks",
					"@loader_path/Frameworks",
				);
				PRODUCT_BUNDLE_IDENTIFIER = com.mikukasahara.TechPodTests;
				PRODUCT_NAME = "$(TARGET_NAME)";
				SWIFT_VERSION = 5.0;
				TARGETED_DEVICE_FAMILY = "1,2";
				TEST_HOST = "$(BUILT_PRODUCTS_DIR)/TechPod.app/TechPod";
			};
			name = Debug;
		};
		5905CBD6232DDBB900251BA4 /* Release */ = {
			isa = XCBuildConfiguration;
			buildSettings = {
				ALWAYS_EMBED_SWIFT_STANDARD_LIBRARIES = YES;
				BUNDLE_LOADER = "$(TEST_HOST)";
				CODE_SIGN_STYLE = Automatic;
				DEVELOPMENT_TEAM = FQ44R4777H;
				INFOPLIST_FILE = TechPodTests/Info.plist;
				LD_RUNPATH_SEARCH_PATHS = (
					"$(inherited)",
					"@executable_path/Frameworks",
					"@loader_path/Frameworks",
				);
				PRODUCT_BUNDLE_IDENTIFIER = com.mikukasahara.TechPodTests;
				PRODUCT_NAME = "$(TARGET_NAME)";
				SWIFT_VERSION = 5.0;
				TARGETED_DEVICE_FAMILY = "1,2";
				TEST_HOST = "$(BUILT_PRODUCTS_DIR)/TechPod.app/TechPod";
			};
			name = Release;
		};
		5905CBD8232DDBB900251BA4 /* Debug */ = {
			isa = XCBuildConfiguration;
			buildSettings = {
				ALWAYS_EMBED_SWIFT_STANDARD_LIBRARIES = YES;
				CODE_SIGN_STYLE = Automatic;
				DEVELOPMENT_TEAM = FQ44R4777H;
				INFOPLIST_FILE = TechPodUITests/Info.plist;
				LD_RUNPATH_SEARCH_PATHS = (
					"$(inherited)",
					"@executable_path/Frameworks",
					"@loader_path/Frameworks",
				);
				PRODUCT_BUNDLE_IDENTIFIER = com.mikukasahara.TechPodUITests;
				PRODUCT_NAME = "$(TARGET_NAME)";
				SWIFT_VERSION = 5.0;
				TARGETED_DEVICE_FAMILY = "1,2";
				TEST_TARGET_NAME = TechPod;
			};
			name = Debug;
		};
		5905CBD9232DDBB900251BA4 /* Release */ = {
			isa = XCBuildConfiguration;
			buildSettings = {
				ALWAYS_EMBED_SWIFT_STANDARD_LIBRARIES = YES;
				CODE_SIGN_STYLE = Automatic;
				DEVELOPMENT_TEAM = FQ44R4777H;
				INFOPLIST_FILE = TechPodUITests/Info.plist;
				LD_RUNPATH_SEARCH_PATHS = (
					"$(inherited)",
					"@executable_path/Frameworks",
					"@loader_path/Frameworks",
				);
				PRODUCT_BUNDLE_IDENTIFIER = com.mikukasahara.TechPodUITests;
				PRODUCT_NAME = "$(TARGET_NAME)";
				SWIFT_VERSION = 5.0;
				TARGETED_DEVICE_FAMILY = "1,2";
				TEST_TARGET_NAME = TechPod;
			};
			name = Release;
		};
/* End XCBuildConfiguration section */

/* Begin XCConfigurationList section */
		5905CBA4232DDBB800251BA4 /* Build configuration list for PBXProject "TechPod" */ = {
			isa = XCConfigurationList;
			buildConfigurations = (
				5905CBCF232DDBB900251BA4 /* Debug */,
				5905CBD0232DDBB900251BA4 /* Release */,
			);
			defaultConfigurationIsVisible = 0;
			defaultConfigurationName = Release;
		};
		5905CBD1232DDBB900251BA4 /* Build configuration list for PBXNativeTarget "TechPod" */ = {
			isa = XCConfigurationList;
			buildConfigurations = (
				5905CBD2232DDBB900251BA4 /* Debug */,
				5905CBD3232DDBB900251BA4 /* Release */,
			);
			defaultConfigurationIsVisible = 0;
			defaultConfigurationName = Release;
		};
		5905CBD4232DDBB900251BA4 /* Build configuration list for PBXNativeTarget "TechPodTests" */ = {
			isa = XCConfigurationList;
			buildConfigurations = (
				5905CBD5232DDBB900251BA4 /* Debug */,
				5905CBD6232DDBB900251BA4 /* Release */,
			);
			defaultConfigurationIsVisible = 0;
			defaultConfigurationName = Release;
		};
		5905CBD7232DDBB900251BA4 /* Build configuration list for PBXNativeTarget "TechPodUITests" */ = {
			isa = XCConfigurationList;
			buildConfigurations = (
				5905CBD8232DDBB900251BA4 /* Debug */,
				5905CBD9232DDBB900251BA4 /* Release */,
			);
			defaultConfigurationIsVisible = 0;
			defaultConfigurationName = Release;
		};
/* End XCConfigurationList section */
	};
	rootObject = 5905CBA1232DDBB800251BA4 /* Project object */;
}
